// !$*UTF8*$!
{
	archiveVersion = 1;
	classes = {
	};
	objectVersion = 46;
	objects = {

/* Begin PBXBuildFile section */
		A0143B791C4EB52700E6485C /* DatabaseManager.swift in Sources */ = {isa = PBXBuildFile; fileRef = A0143B781C4EB52700E6485C /* DatabaseManager.swift */; };
		A0143B991C4EB6E500E6485C /* CoreData.framework in Frameworks */ = {isa = PBXBuildFile; fileRef = A0143B981C4EB6E500E6485C /* CoreData.framework */; };
		A08B40511C57E3B0000BB031 /* SeasonSelectorCollectionViewController.swift in Sources */ = {isa = PBXBuildFile; fileRef = A08B40501C57E3B0000BB031 /* SeasonSelectorCollectionViewController.swift */; };
		A08B40541C57E3B0000BB031 /* SeasonCollectionViewCell.swift in Sources */ = {isa = PBXBuildFile; fileRef = A08B40531C57E3B0000BB031 /* SeasonCollectionViewCell.swift */; };
		A08B40581C57E3B0000BB031 /* Model.xcdatamodeld in Sources */ = {isa = PBXBuildFile; fileRef = A08B40561C57E3B0000BB031 /* Model.xcdatamodeld */; };
		A0CD706A1C4AD38400231089 /* AppDelegate.swift in Sources */ = {isa = PBXBuildFile; fileRef = A0CD70691C4AD38400231089 /* AppDelegate.swift */; };
		A0CD706F1C4AD38400231089 /* Main.storyboard in Resources */ = {isa = PBXBuildFile; fileRef = A0CD706D1C4AD38400231089 /* Main.storyboard */; };
		A0CD70711C4AD38400231089 /* Assets.xcassets in Resources */ = {isa = PBXBuildFile; fileRef = A0CD70701C4AD38400231089 /* Assets.xcassets */; };
		A0CD707A1C4AE00B00231089 /* SeasonViewController.swift in Sources */ = {isa = PBXBuildFile; fileRef = A0CD70791C4AE00B00231089 /* SeasonViewController.swift */; };
		A0E7A9111C4EC6DC0062FFC5 /* ChapterTableViewCell.swift in Sources */ = {isa = PBXBuildFile; fileRef = A0E7A9101C4EC6DC0062FFC5 /* ChapterTableViewCell.swift */; };
		A0E7A9141C4EC9650062FFC5 /* Chapters.csv in Resources */ = {isa = PBXBuildFile; fileRef = A0E7A9131C4EC9650062FFC5 /* Chapters.csv */; };
		A0E7A9171C4ECDFD0062FFC5 /* CSV.swift in Sources */ = {isa = PBXBuildFile; fileRef = A0E7A9161C4ECDFD0062FFC5 /* CSV.swift */; };
		A0F1959F1C4EB77F00A462FF /* Season+CoreDataProperties.swift in Sources */ = {isa = PBXBuildFile; fileRef = A0F1959B1C4EB77F00A462FF /* Season+CoreDataProperties.swift */; };
		A0F195A01C4EB77F00A462FF /* Season.swift in Sources */ = {isa = PBXBuildFile; fileRef = A0F1959C1C4EB77F00A462FF /* Season.swift */; };
		A0F195A11C4EB77F00A462FF /* Chapter+CoreDataProperties.swift in Sources */ = {isa = PBXBuildFile; fileRef = A0F1959D1C4EB77F00A462FF /* Chapter+CoreDataProperties.swift */; };
		A0F195A21C4EB77F00A462FF /* Chapter.swift in Sources */ = {isa = PBXBuildFile; fileRef = A0F1959E1C4EB77F00A462FF /* Chapter.swift */; };
		D5FA794F69EDC546851151BB /* Pods.framework in Frameworks */ = {isa = PBXBuildFile; fileRef = F413F092961C99FFD07D2A38 /* Pods.framework */; };
/* End PBXBuildFile section */

/* Begin PBXFileReference section */
		541513ACF6E36FA93F5E3168 /* Pods.debug.xcconfig */ = {isa = PBXFileReference; includeInIndex = 1; lastKnownFileType = text.xcconfig; name = Pods.debug.xcconfig; path = "Pods/Target Support Files/Pods/Pods.debug.xcconfig"; sourceTree = "<group>"; };
		A0143B781C4EB52700E6485C /* DatabaseManager.swift */ = {isa = PBXFileReference; fileEncoding = 4; lastKnownFileType = sourcecode.swift; name = DatabaseManager.swift; path = Database/DatabaseManager.swift; sourceTree = "<group>"; };
		A0143B981C4EB6E500E6485C /* CoreData.framework */ = {isa = PBXFileReference; lastKnownFileType = wrapper.framework; name = CoreData.framework; path = System/Library/Frameworks/CoreData.framework; sourceTree = SDKROOT; };
		A08B40501C57E3B0000BB031 /* SeasonSelectorCollectionViewController.swift */ = {isa = PBXFileReference; fileEncoding = 4; lastKnownFileType = sourcecode.swift; name = SeasonSelectorCollectionViewController.swift; path = ViewControllers/SeasonSelectorCollectionViewController.swift; sourceTree = "<group>"; };
		A08B40531C57E3B0000BB031 /* SeasonCollectionViewCell.swift */ = {isa = PBXFileReference; fileEncoding = 4; lastKnownFileType = sourcecode.swift; name = SeasonCollectionViewCell.swift; path = CustomViews/SeasonCollectionViewCell.swift; sourceTree = "<group>"; };
		A08B40571C57E3B0000BB031 /* Model.xcdatamodel */ = {isa = PBXFileReference; lastKnownFileType = wrapper.xcdatamodel; path = Model.xcdatamodel; sourceTree = "<group>"; };
		A0CD70661C4AD38400231089 /* simpsonizados.app */ = {isa = PBXFileReference; explicitFileType = wrapper.application; includeInIndex = 0; path = simpsonizados.app; sourceTree = BUILT_PRODUCTS_DIR; };
		A0CD70691C4AD38400231089 /* AppDelegate.swift */ = {isa = PBXFileReference; lastKnownFileType = sourcecode.swift; path = AppDelegate.swift; sourceTree = "<group>"; };
		A0CD706E1C4AD38400231089 /* Base */ = {isa = PBXFileReference; lastKnownFileType = file.storyboard; name = Base; path = Base.lproj/Main.storyboard; sourceTree = "<group>"; };
		A0CD70701C4AD38400231089 /* Assets.xcassets */ = {isa = PBXFileReference; lastKnownFileType = folder.assetcatalog; path = Assets.xcassets; sourceTree = "<group>"; };
		A0CD70721C4AD38400231089 /* Info.plist */ = {isa = PBXFileReference; lastKnownFileType = text.plist.xml; path = Info.plist; sourceTree = "<group>"; };
		A0CD70791C4AE00B00231089 /* SeasonViewController.swift */ = {isa = PBXFileReference; fileEncoding = 4; lastKnownFileType = sourcecode.swift; name = SeasonViewController.swift; path = ViewControllers/SeasonViewController.swift; sourceTree = "<group>"; };
		A0E7A9101C4EC6DC0062FFC5 /* ChapterTableViewCell.swift */ = {isa = PBXFileReference; fileEncoding = 4; lastKnownFileType = sourcecode.swift; name = ChapterTableViewCell.swift; path = CustomViews/ChapterTableViewCell.swift; sourceTree = "<group>"; };
		A0E7A9131C4EC9650062FFC5 /* Chapters.csv */ = {isa = PBXFileReference; fileEncoding = 4; lastKnownFileType = text; name = Chapters.csv; path = Resources/Chapters.csv; sourceTree = "<group>"; };
		A0E7A9161C4ECDFD0062FFC5 /* CSV.swift */ = {isa = PBXFileReference; fileEncoding = 4; lastKnownFileType = sourcecode.swift; path = CSV.swift; sourceTree = "<group>"; };
		A0F1959B1C4EB77F00A462FF /* Season+CoreDataProperties.swift */ = {isa = PBXFileReference; fileEncoding = 4; lastKnownFileType = sourcecode.swift; name = "Season+CoreDataProperties.swift"; path = "Database/Entities/Season+CoreDataProperties.swift"; sourceTree = "<group>"; };
		A0F1959C1C4EB77F00A462FF /* Season.swift */ = {isa = PBXFileReference; fileEncoding = 4; lastKnownFileType = sourcecode.swift; name = Season.swift; path = Database/Entities/Season.swift; sourceTree = "<group>"; };
		A0F1959D1C4EB77F00A462FF /* Chapter+CoreDataProperties.swift */ = {isa = PBXFileReference; fileEncoding = 4; lastKnownFileType = sourcecode.swift; name = "Chapter+CoreDataProperties.swift"; path = "Database/Entities/Chapter+CoreDataProperties.swift"; sourceTree = "<group>"; };
		A0F1959E1C4EB77F00A462FF /* Chapter.swift */ = {isa = PBXFileReference; fileEncoding = 4; lastKnownFileType = sourcecode.swift; name = Chapter.swift; path = Database/Entities/Chapter.swift; sourceTree = "<group>"; };
		E9E620B77BEB2B31ECBE1B59 /* Pods.release.xcconfig */ = {isa = PBXFileReference; includeInIndex = 1; lastKnownFileType = text.xcconfig; name = Pods.release.xcconfig; path = "Pods/Target Support Files/Pods/Pods.release.xcconfig"; sourceTree = "<group>"; };
		F413F092961C99FFD07D2A38 /* Pods.framework */ = {isa = PBXFileReference; explicitFileType = wrapper.framework; includeInIndex = 0; path = Pods.framework; sourceTree = BUILT_PRODUCTS_DIR; };
/* End PBXFileReference section */

/* Begin PBXFrameworksBuildPhase section */
		A0CD70631C4AD38400231089 /* Frameworks */ = {
			isa = PBXFrameworksBuildPhase;
			buildActionMask = 2147483647;
			files = (
				A0143B991C4EB6E500E6485C /* CoreData.framework in Frameworks */,
				D5FA794F69EDC546851151BB /* Pods.framework in Frameworks */,
			);
			runOnlyForDeploymentPostprocessing = 0;
		};
/* End PBXFrameworksBuildPhase section */

/* Begin PBXGroup section */
		474E14BEF0E0557F3C6F87CB /* Pods */ = {
			isa = PBXGroup;
			children = (
				541513ACF6E36FA93F5E3168 /* Pods.debug.xcconfig */,
				E9E620B77BEB2B31ECBE1B59 /* Pods.release.xcconfig */,
			);
			name = Pods;
			sourceTree = "<group>";
		};
		A0143B9A1C4EB6FA00E6485C /* Frameworks */ = {
			isa = PBXGroup;
			children = (
				A0143B981C4EB6E500E6485C /* CoreData.framework */,
				F413F092961C99FFD07D2A38 /* Pods.framework */,
			);
			name = Frameworks;
			path = simpsonizados;
			sourceTree = "<group>";
		};
		A08B40521C57E3B0000BB031 /* CustomViews */ = {
			isa = PBXGroup;
			children = (
				A08B40531C57E3B0000BB031 /* SeasonCollectionViewCell.swift */,
				A0E7A9101C4EC6DC0062FFC5 /* ChapterTableViewCell.swift */,
			);
			name = CustomViews;
			sourceTree = "<group>";
		};
		A08B40551C57E3B0000BB031 /* Database */ = {
			isa = PBXGroup;
			children = (
				A0F1959A1C4EB76C00A462FF /* Entities */,
				A08B40561C57E3B0000BB031 /* Model.xcdatamodeld */,
				A0143B781C4EB52700E6485C /* DatabaseManager.swift */,
			);
			name = Database;
			sourceTree = "<group>";
		};
		A0CD705D1C4AD38400231089 = {
			isa = PBXGroup;
			children = (
				A0CD70681C4AD38400231089 /* simpsonizados */,
				A0143B9A1C4EB6FA00E6485C /* Frameworks */,
				A0CD70671C4AD38400231089 /* Products */,
				474E14BEF0E0557F3C6F87CB /* Pods */,
			);
			sourceTree = "<group>";
		};
		A0CD70671C4AD38400231089 /* Products */ = {
			isa = PBXGroup;
			children = (
				A0CD70661C4AD38400231089 /* simpsonizados.app */,
			);
			name = Products;
			sourceTree = "<group>";
		};
		A0CD70681C4AD38400231089 /* simpsonizados */ = {
			isa = PBXGroup;
			children = (
				A0E7A9151C4ECDFD0062FFC5 /* ThirdParty */,
				A0E7A9121C4EC93B0062FFC5 /* Resources */,
				A08B40551C57E3B0000BB031 /* Database */,
				A08B40521C57E3B0000BB031 /* CustomViews */,
				A0CD70781C4ADFCD00231089 /* ViewControllers */,
				A0CD70691C4AD38400231089 /* AppDelegate.swift */,
				A0CD706D1C4AD38400231089 /* Main.storyboard */,
				A0CD70701C4AD38400231089 /* Assets.xcassets */,
				A0CD70721C4AD38400231089 /* Info.plist */,
			);
			path = simpsonizados;
			sourceTree = "<group>";
		};
		A0CD70781C4ADFCD00231089 /* ViewControllers */ = {
			isa = PBXGroup;
			children = (
				A0CD70791C4AE00B00231089 /* SeasonViewController.swift */,
				A08B40501C57E3B0000BB031 /* SeasonSelectorCollectionViewController.swift */,
			);
			name = ViewControllers;
			sourceTree = "<group>";
		};
		A0E7A9121C4EC93B0062FFC5 /* Resources */ = {
			isa = PBXGroup;
			children = (
				A0E7A9131C4EC9650062FFC5 /* Chapters.csv */,
			);
			name = Resources;
			sourceTree = "<group>";
		};
		A0E7A9151C4ECDFD0062FFC5 /* ThirdParty */ = {
			isa = PBXGroup;
			children = (
				A0E7A9161C4ECDFD0062FFC5 /* CSV.swift */,
			);
			path = ThirdParty;
			sourceTree = "<group>";
		};
		A0F1959A1C4EB76C00A462FF /* Entities */ = {
			isa = PBXGroup;
			children = (
				A0F1959B1C4EB77F00A462FF /* Season+CoreDataProperties.swift */,
				A0F1959C1C4EB77F00A462FF /* Season.swift */,
				A0F1959D1C4EB77F00A462FF /* Chapter+CoreDataProperties.swift */,
				A0F1959E1C4EB77F00A462FF /* Chapter.swift */,
			);
			name = Entities;
			sourceTree = "<group>";
		};
/* End PBXGroup section */

/* Begin PBXNativeTarget section */
		A0CD70651C4AD38400231089 /* simpsonizados */ = {
			isa = PBXNativeTarget;
			buildConfigurationList = A0CD70751C4AD38400231089 /* Build configuration list for PBXNativeTarget "simpsonizados" */;
			buildPhases = (
				5F3992CC836D8F24CCA1D699 /* Check Pods Manifest.lock */,
				A0CD70621C4AD38400231089 /* Sources */,
				A0CD70631C4AD38400231089 /* Frameworks */,
				A0CD70641C4AD38400231089 /* Resources */,
				7C9743DE8C01AFB2580E3F31 /* Embed Pods Frameworks */,
				A354F98A75216DD62AFC046E /* Copy Pods Resources */,
			);
			buildRules = (
			);
			dependencies = (
			);
			name = simpsonizados;
			productName = simpsonizados;
			productReference = A0CD70661C4AD38400231089 /* simpsonizados.app */;
			productType = "com.apple.product-type.application";
		};
/* End PBXNativeTarget section */

/* Begin PBXProject section */
		A0CD705E1C4AD38400231089 /* Project object */ = {
			isa = PBXProject;
			attributes = {
				LastSwiftUpdateCheck = 0720;
				LastUpgradeCheck = 0720;
				ORGANIZATIONNAME = technopix;
				TargetAttributes = {
					A0CD70651C4AD38400231089 = {
						CreatedOnToolsVersion = 7.2;
						DevelopmentTeam = Q2399DNW37;
					};
				};
			};
			buildConfigurationList = A0CD70611C4AD38400231089 /* Build configuration list for PBXProject "simpsonizados" */;
			compatibilityVersion = "Xcode 3.2";
			developmentRegion = English;
			hasScannedForEncodings = 0;
			knownRegions = (
				en,
				Base,
			);
			mainGroup = A0CD705D1C4AD38400231089;
			productRefGroup = A0CD70671C4AD38400231089 /* Products */;
			projectDirPath = "";
			projectRoot = "";
			targets = (
				A0CD70651C4AD38400231089 /* simpsonizados */,
			);
		};
/* End PBXProject section */

/* Begin PBXResourcesBuildPhase section */
		A0CD70641C4AD38400231089 /* Resources */ = {
			isa = PBXResourcesBuildPhase;
			buildActionMask = 2147483647;
			files = (
				A0E7A9141C4EC9650062FFC5 /* Chapters.csv in Resources */,
				A0CD70711C4AD38400231089 /* Assets.xcassets in Resources */,
				A0CD706F1C4AD38400231089 /* Main.storyboard in Resources */,
			);
			runOnlyForDeploymentPostprocessing = 0;
		};
/* End PBXResourcesBuildPhase section */

/* Begin PBXShellScriptBuildPhase section */
		5F3992CC836D8F24CCA1D699 /* Check Pods Manifest.lock */ = {
			isa = PBXShellScriptBuildPhase;
			buildActionMask = 2147483647;
			files = (
			);
			inputPaths = (
			);
			name = "Check Pods Manifest.lock";
			outputPaths = (
			);
			runOnlyForDeploymentPostprocessing = 0;
			shellPath = /bin/sh;
			shellScript = "diff \"${PODS_ROOT}/../Podfile.lock\" \"${PODS_ROOT}/Manifest.lock\" > /dev/null\nif [[ $? != 0 ]] ; then\n    cat << EOM\nerror: The sandbox is not in sync with the Podfile.lock. Run 'pod install' or update your CocoaPods installation.\nEOM\n    exit 1\nfi\n";
			showEnvVarsInLog = 0;
		};
		7C9743DE8C01AFB2580E3F31 /* Embed Pods Frameworks */ = {
			isa = PBXShellScriptBuildPhase;
			buildActionMask = 2147483647;
			files = (
			);
			inputPaths = (
			);
			name = "Embed Pods Frameworks";
			outputPaths = (
			);
			runOnlyForDeploymentPostprocessing = 0;
			shellPath = /bin/sh;
			shellScript = "\"${SRCROOT}/Pods/Target Support Files/Pods/Pods-frameworks.sh\"\n";
			showEnvVarsInLog = 0;
		};
		A354F98A75216DD62AFC046E /* Copy Pods Resources */ = {
			isa = PBXShellScriptBuildPhase;
			buildActionMask = 2147483647;
			files = (
			);
			inputPaths = (
			);
			name = "Copy Pods Resources";
			outputPaths = (
			);
			runOnlyForDeploymentPostprocessing = 0;
			shellPath = /bin/sh;
			shellScript = "\"${SRCROOT}/Pods/Target Support Files/Pods/Pods-resources.sh\"\n";
			showEnvVarsInLog = 0;
		};
/* End PBXShellScriptBuildPhase section */

/* Begin PBXSourcesBuildPhase section */
		A0CD70621C4AD38400231089 /* Sources */ = {
			isa = PBXSourcesBuildPhase;
			buildActionMask = 2147483647;
			files = (
				A0F195A01C4EB77F00A462FF /* Season.swift in Sources */,
				A0F195A21C4EB77F00A462FF /* Chapter.swift in Sources */,
				A0CD706A1C4AD38400231089 /* AppDelegate.swift in Sources */,
				A08B40541C57E3B0000BB031 /* SeasonCollectionViewCell.swift in Sources */,
				A0143B791C4EB52700E6485C /* DatabaseManager.swift in Sources */,
				A08B40581C57E3B0000BB031 /* Model.xcdatamodeld in Sources */,
				A08B40511C57E3B0000BB031 /* SeasonSelectorCollectionViewController.swift in Sources */,
				A0CD707A1C4AE00B00231089 /* SeasonViewController.swift in Sources */,
				A0E7A9171C4ECDFD0062FFC5 /* CSV.swift in Sources */,
				A0F195A11C4EB77F00A462FF /* Chapter+CoreDataProperties.swift in Sources */,
				A0F1959F1C4EB77F00A462FF /* Season+CoreDataProperties.swift in Sources */,
				A0E7A9111C4EC6DC0062FFC5 /* ChapterTableViewCell.swift in Sources */,
			);
			runOnlyForDeploymentPostprocessing = 0;
		};
/* End PBXSourcesBuildPhase section */

/* Begin PBXVariantGroup section */
		A0CD706D1C4AD38400231089 /* Main.storyboard */ = {
			isa = PBXVariantGroup;
			children = (
				A0CD706E1C4AD38400231089 /* Base */,
			);
			name = Main.storyboard;
			sourceTree = "<group>";
		};
/* End PBXVariantGroup section */

/* Begin XCBuildConfiguration section */
		A0CD70731C4AD38400231089 /* Debug */ = {
			isa = XCBuildConfiguration;
			buildSettings = {
				ALWAYS_SEARCH_USER_PATHS = NO;
				CLANG_CXX_LANGUAGE_STANDARD = "gnu++0x";
				CLANG_CXX_LIBRARY = "libc++";
				CLANG_ENABLE_MODULES = YES;
				CLANG_ENABLE_OBJC_ARC = YES;
				CLANG_WARN_BOOL_CONVERSION = YES;
				CLANG_WARN_CONSTANT_CONVERSION = YES;
				CLANG_WARN_DIRECT_OBJC_ISA_USAGE = YES_ERROR;
				CLANG_WARN_EMPTY_BODY = YES;
				CLANG_WARN_ENUM_CONVERSION = YES;
				CLANG_WARN_INT_CONVERSION = YES;
				CLANG_WARN_OBJC_ROOT_CLASS = YES_ERROR;
				CLANG_WARN_UNREACHABLE_CODE = YES;
				CLANG_WARN__DUPLICATE_METHOD_MATCH = YES;
				COPY_PHASE_STRIP = NO;
				DEBUG_INFORMATION_FORMAT = dwarf;
				ENABLE_STRICT_OBJC_MSGSEND = YES;
				ENABLE_TESTABILITY = YES;
				GCC_C_LANGUAGE_STANDARD = gnu99;
				GCC_DYNAMIC_NO_PIC = NO;
				GCC_NO_COMMON_BLOCKS = YES;
				GCC_OPTIMIZATION_LEVEL = 0;
				GCC_PREPROCESSOR_DEFINITIONS = (
					"DEBUG=1",
					"$(inherited)",
				);
				GCC_WARN_64_TO_32_BIT_CONVERSION = YES;
				GCC_WARN_ABOUT_RETURN_TYPE = YES_ERROR;
				GCC_WARN_UNDECLARED_SELECTOR = YES;
				GCC_WARN_UNINITIALIZED_AUTOS = YES_AGGRESSIVE;
				GCC_WARN_UNUSED_FUNCTION = YES;
				GCC_WARN_UNUSED_VARIABLE = YES;
				MTL_ENABLE_DEBUG_INFO = YES;
				ONLY_ACTIVE_ARCH = YES;
				SDKROOT = appletvos;
				SWIFT_OPTIMIZATION_LEVEL = "-Onone";
				TARGETED_DEVICE_FAMILY = 3;
				TVOS_DEPLOYMENT_TARGET = 9.1;
			};
			name = Debug;
		};
		A0CD70741C4AD38400231089 /* Release */ = {
			isa = XCBuildConfiguration;
			buildSettings = {
				ALWAYS_SEARCH_USER_PATHS = NO;
				CLANG_CXX_LANGUAGE_STANDARD = "gnu++0x";
				CLANG_CXX_LIBRARY = "libc++";
				CLANG_ENABLE_MODULES = YES;
				CLANG_ENABLE_OBJC_ARC = YES;
				CLANG_WARN_BOOL_CONVERSION = YES;
				CLANG_WARN_CONSTANT_CONVERSION = YES;
				CLANG_WARN_DIRECT_OBJC_ISA_USAGE = YES_ERROR;
				CLANG_WARN_EMPTY_BODY = YES;
				CLANG_WARN_ENUM_CONVERSION = YES;
				CLANG_WARN_INT_CONVERSION = YES;
				CLANG_WARN_OBJC_ROOT_CLASS = YES_ERROR;
				CLANG_WARN_UNREACHABLE_CODE = YES;
				CLANG_WARN__DUPLICATE_METHOD_MATCH = YES;
				COPY_PHASE_STRIP = NO;
				DEBUG_INFORMATION_FORMAT = "dwarf-with-dsym";
				ENABLE_NS_ASSERTIONS = NO;
				ENABLE_STRICT_OBJC_MSGSEND = YES;
				GCC_C_LANGUAGE_STANDARD = gnu99;
				GCC_NO_COMMON_BLOCKS = YES;
				GCC_WARN_64_TO_32_BIT_CONVERSION = YES;
				GCC_WARN_ABOUT_RETURN_TYPE = YES_ERROR;
				GCC_WARN_UNDECLARED_SELECTOR = YES;
				GCC_WARN_UNINITIALIZED_AUTOS = YES_AGGRESSIVE;
				GCC_WARN_UNUSED_FUNCTION = YES;
				GCC_WARN_UNUSED_VARIABLE = YES;
				MTL_ENABLE_DEBUG_INFO = NO;
				SDKROOT = appletvos;
				TARGETED_DEVICE_FAMILY = 3;
				TVOS_DEPLOYMENT_TARGET = 9.1;
				VALIDATE_PRODUCT = YES;
			};
			name = Release;
		};
		A0CD70761C4AD38400231089 /* Debug */ = {
			isa = XCBuildConfiguration;
			baseConfigurationReference = 541513ACF6E36FA93F5E3168 /* Pods.debug.xcconfig */;
			buildSettings = {
				ASSETCATALOG_COMPILER_APPICON_NAME = "App Icon & Top Shelf Image";
				ASSETCATALOG_COMPILER_LAUNCHIMAGE_NAME = LaunchImage;
				CODE_SIGN_IDENTITY = "iPhone Developer";
				INFOPLIST_FILE = simpsonizados/Info.plist;
				LD_RUNPATH_SEARCH_PATHS = "$(inherited) @executable_path/Frameworks";
				PRODUCT_BUNDLE_IDENTIFIER = com.technopix.simpsonizados;
				PRODUCT_NAME = "$(TARGET_NAME)";
			};
			name = Debug;
		};
		A0CD70771C4AD38400231089 /* Release */ = {
			isa = XCBuildConfiguration;
			baseConfigurationReference = E9E620B77BEB2B31ECBE1B59 /* Pods.release.xcconfig */;
			buildSettings = {
				ASSETCATALOG_COMPILER_APPICON_NAME = "App Icon & Top Shelf Image";
				ASSETCATALOG_COMPILER_LAUNCHIMAGE_NAME = LaunchImage;
				CODE_SIGN_IDENTITY = "iPhone Developer";
				INFOPLIST_FILE = simpsonizados/Info.plist;
				LD_RUNPATH_SEARCH_PATHS = "$(inherited) @executable_path/Frameworks";
				PRODUCT_BUNDLE_IDENTIFIER = com.technopix.simpsonizados;
				PRODUCT_NAME = "$(TARGET_NAME)";
			};
			name = Release;
		};
/* End XCBuildConfiguration section */

/* Begin XCConfigurationList section */
		A0CD70611C4AD38400231089 /* Build configuration list for PBXProject "simpsonizados" */ = {
			isa = XCConfigurationList;
			buildConfigurations = (
				A0CD70731C4AD38400231089 /* Debug */,
				A0CD70741C4AD38400231089 /* Release */,
			);
			defaultConfigurationIsVisible = 0;
			defaultConfigurationName = Release;
		};
		A0CD70751C4AD38400231089 /* Build configuration list for PBXNativeTarget "simpsonizados" */ = {
			isa = XCConfigurationList;
			buildConfigurations = (
				A0CD70761C4AD38400231089 /* Debug */,
				A0CD70771C4AD38400231089 /* Release */,
			);
			defaultConfigurationIsVisible = 0;
			defaultConfigurationName = Release;
		};
/* End XCConfigurationList section */

/* Begin XCVersionGroup section */
		A08B40561C57E3B0000BB031 /* Model.xcdatamodeld */ = {
			isa = XCVersionGroup;
			children = (
				A08B40571C57E3B0000BB031 /* Model.xcdatamodel */,
			);
			currentVersion = A08B40571C57E3B0000BB031 /* Model.xcdatamodel */;
			name = Model.xcdatamodeld;
			path = Database/Model.xcdatamodeld;
			sourceTree = "<group>";
			versionGroupType = wrapper.xcdatamodel;
		};
/* End XCVersionGroup section */
	};
	rootObject = A0CD705E1C4AD38400231089 /* Project object */;
}
